
Microsoft Visual Studio Solution File, Format Version 12.00
# Visual Studio Version 16
VisualStudioVersion = 16.0.31402.337
MinimumVisualStudioVersion = 10.0.40219.1
Project("{9A19103F-16F7-4668-BE54-9A1E7A4F7556}") = "Avanade.SubTCSE.Projeto.API", "Avanade.SubTCSE.Projeto.API\Avanade.SubTCSE.Projeto.API.csproj", "{090A79FE-F960-48FE-9EC2-7EC0495D5158}"
EndProject
Project("{2150E333-8FDC-42A3-9474-1A3956D46DE8}") = "0-AppService", "0-AppService", "{805AA5C1-53D9-484E-94BB-0C4A14C71EC7}"
EndProject
Project("{2150E333-8FDC-42A3-9474-1A3956D46DE8}") = "1-Application", "1-Application", "{766750A2-9C3D-4A87-B684-007861E35AEE}"
EndProject
Project("{2150E333-8FDC-42A3-9474-1A3956D46DE8}") = "2-Domain", "2-Domain", "{DD9D69DE-F969-4498-A69E-C98F6BB76F31}"
EndProject
Project("{2150E333-8FDC-42A3-9474-1A3956D46DE8}") = "3-Infra", "3-Infra", "{48969E7F-21A4-492B-9A15-6CFA480A0CA0}"
EndProject
Project("{2150E333-8FDC-42A3-9474-1A3956D46DE8}") = "4-Test", "4-Test", "{D54C4E78-410B-4857-B5B0-F8FA975875CE}"
EndProject
Project("{2150E333-8FDC-42A3-9474-1A3956D46DE8}") = "3.1-CrossCutting", "3.1-CrossCutting", "{74D65086-92CA-4DC6-9C2A-00D4A3C072B7}"
EndProject
Project("{2150E333-8FDC-42A3-9474-1A3956D46DE8}") = "3.2-Data", "3.2-Data", "{5D38F2EE-2584-46E1-8501-6F79E3D3323D}"
EndProject
Project("{FAE04EC0-301F-11D3-BF4B-00C04F79EFBC}") = "Avanade.SubTCSE.Projeto.Application", "Avanade.SubTCSE.Projeto.Application\Avanade.SubTCSE.Projeto.Application.csproj", "{E6BF8BBB-8455-41FB-8AFA-35B20C7B5EA5}"
EndProject
Project("{FAE04EC0-301F-11D3-BF4B-00C04F79EFBC}") = "Avanade.SubTCSE.Projeto.Domain", "Avanade.SubTCSE.Projeto.Domain\Avanade.SubTCSE.Projeto.Domain.csproj", "{E377198B-D6A3-41F9-905A-1E2925B624B0}"
EndProject
Project("{FAE04EC0-301F-11D3-BF4B-00C04F79EFBC}") = "Avanade.SubTCSE.Projeto.CrossCutting", "Avanade.SubTCSE.Projeto.CrossCutting\Avanade.SubTCSE.Projeto.CrossCutting.csproj", "{CA66B79F-F62E-4843-A8FD-367D5F74E997}"
EndProject
Project("{FAE04EC0-301F-11D3-BF4B-00C04F79EFBC}") = "Avanade.SubTCSE.Projeto.Data", "Avanade.SubTCSE.Projeto.Data\Avanade.SubTCSE.Projeto.Data.csproj", "{1F44A1FE-A5C4-44E9-BE31-277D51516393}"
EndProject
Global
	GlobalSection(SolutionConfigurationPlatforms) = preSolution
		Debug|Any CPU = Debug|Any CPU
		Release|Any CPU = Release|Any CPU
	EndGlobalSection
	GlobalSection(ProjectConfigurationPlatforms) = postSolution
		{090A79FE-F960-48FE-9EC2-7EC0495D5158}.Debug|Any CPU.ActiveCfg = Debug|Any CPU
		{090A79FE-F960-48FE-9EC2-7EC0495D5158}.Debug|Any CPU.Build.0 = Debug|Any CPU
		{090A79FE-F960-48FE-9EC2-7EC0495D5158}.Release|Any CPU.ActiveCfg = Release|Any CPU
		{090A79FE-F960-48FE-9EC2-7EC0495D5158}.Release|Any CPU.Build.0 = Release|Any CPU
		{E6BF8BBB-8455-41FB-8AFA-35B20C7B5EA5}.Debug|Any CPU.ActiveCfg = Debug|Any CPU
		{E6BF8BBB-8455-41FB-8AFA-35B20C7B5EA5}.Debug|Any CPU.Build.0 = Debug|Any CPU
		{E6BF8BBB-8455-41FB-8AFA-35B20C7B5EA5}.Release|Any CPU.ActiveCfg = Release|Any CPU
		{E6BF8BBB-8455-41FB-8AFA-35B20C7B5EA5}.Release|Any CPU.Build.0 = Release|Any CPU
		{E377198B-D6A3-41F9-905A-1E2925B624B0}.Debug|Any CPU.ActiveCfg = Debug|Any CPU
		{E377198B-D6A3-41F9-905A-1E2925B624B0}.Debug|Any CPU.Build.0 = Debug|Any CPU
		{E377198B-D6A3-41F9-905A-1E2925B624B0}.Release|Any CPU.ActiveCfg = Release|Any CPU
		{E377198B-D6A3-41F9-905A-1E2925B624B0}.Release|Any CPU.Build.0 = Release|Any CPU
		{CA66B79F-F62E-4843-A8FD-367D5F74E997}.Debug|Any CPU.ActiveCfg = Debug|Any CPU
		{CA66B79F-F62E-4843-A8FD-367D5F74E997}.Debug|Any CPU.Build.0 = Debug|Any CPU
		{CA66B79F-F62E-4843-A8FD-367D5F74E997}.Release|Any CPU.ActiveCfg = Release|Any CPU
		{CA66B79F-F62E-4843-A8FD-367D5F74E997}.Release|Any CPU.Build.0 = Release|Any CPU
		{1F44A1FE-A5C4-44E9-BE31-277D51516393}.Debug|Any CPU.ActiveCfg = Debug|Any CPU
		{1F44A1FE-A5C4-44E9-BE31-277D51516393}.Debug|Any CPU.Build.0 = Debug|Any CPU
		{1F44A1FE-A5C4-44E9-BE31-277D51516393}.Release|Any CPU.ActiveCfg = Release|Any CPU
		{1F44A1FE-A5C4-44E9-BE31-277D51516393}.Release|Any CPU.Build.0 = Release|Any CPU
	EndGlobalSection
	GlobalSection(SolutionProperties) = preSolution
		HideSolutionNode = FALSE
	EndGlobalSection
	GlobalSection(NestedProjects) = preSolution
		{090A79FE-F960-48FE-9EC2-7EC0495D5158} = {805AA5C1-53D9-484E-94BB-0C4A14C71EC7}
		{74D65086-92CA-4DC6-9C2A-00D4A3C072B7} = {48969E7F-21A4-492B-9A15-6CFA480A0CA0}
		{5D38F2EE-2584-46E1-8501-6F79E3D3323D} = {48969E7F-21A4-492B-9A15-6CFA480A0CA0}
		{E6BF8BBB-8455-41FB-8AFA-35B20C7B5EA5} = {766750A2-9C3D-4A87-B684-007861E35AEE}
		{E377198B-D6A3-41F9-905A-1E2925B624B0} = {DD9D69DE-F969-4498-A69E-C98F6BB76F31}
		{CA66B79F-F62E-4843-A8FD-367D5F74E997} = {74D65086-92CA-4DC6-9C2A-00D4A3C072B7}
		{1F44A1FE-A5C4-44E9-BE31-277D51516393} = {5D38F2EE-2584-46E1-8501-6F79E3D3323D}
	EndGlobalSection
	GlobalSection(ExtensibilityGlobals) = postSolution
		SolutionGuid = {FC3C0C55-0109-431F-86D1-A47DB7763FD3}
	EndGlobalSection
EndGlobal
